
Microsoft Visual Studio Solution File, Format Version 10.00
# Visual Studio 2008
Project("{8BC9CEB8-8B4A-11D0-8D11-00A0C91BC942}") = "6gx_tcam", "6gx_tcam.vcproj", "{3821F34D-56B7-4BAA-B879-E4260A273801}"
EndProject
Global
	GlobalSection(SolutionConfigurationPlatforms) = preSolution
		Debug|Win32 = Debug|Win32
	EndGlobalSection
	GlobalSection(ProjectConfigurationPlatforms) = postSolution
		{3821F34D-56B7-4BAA-B879-E4260A273801}.Debug|Win32.ActiveCfg = Debug|Win32
		{3821F34D-56B7-4BAA-B879-E4260A273801}.Debug|Win32.Build.0 = Debug|Win32
	EndGlobalSection
	GlobalSection(SolutionProperties) = preSolution
		HideSolutionNode = FALSE
	EndGlobalSection
EndGlobal
