
Microsoft Visual Studio Solution File, Format Version 10.00
# Visual Studio 2008
Project("{8BC9CEB8-8B4A-11D0-8D11-00A0C91BC942}") = "gl3_effect", "gl3_effect.vcproj", "{EB4E5885-9548-4B40-AC1F-44877AAD2C4C}"
EndProject
Global
	GlobalSection(SolutionConfigurationPlatforms) = preSolution
		Debug|Win32 = Debug|Win32
	EndGlobalSection
	GlobalSection(ProjectConfigurationPlatforms) = postSolution
		{EB4E5885-9548-4B40-AC1F-44877AAD2C4C}.Debug|Win32.ActiveCfg = Debug|Win32
		{EB4E5885-9548-4B40-AC1F-44877AAD2C4C}.Debug|Win32.Build.0 = Debug|Win32
	EndGlobalSection
	GlobalSection(SolutionProperties) = preSolution
		HideSolutionNode = FALSE
	EndGlobalSection
EndGlobal
