
Microsoft Visual Studio Solution File, Format Version 10.00
# Visual Studio 2008
Project("{8BC9CEB8-8B4A-11D0-8D11-00A0C91BC942}") = "ad_sprite3", "ad_sprite3.vcproj", "{3D1FC573-FF80-4F41-AE97-CC70E232ABAE}"
EndProject
Global
	GlobalSection(SolutionConfigurationPlatforms) = preSolution
		Debug|Win32 = Debug|Win32
	EndGlobalSection
	GlobalSection(ProjectConfigurationPlatforms) = postSolution
		{3D1FC573-FF80-4F41-AE97-CC70E232ABAE}.Debug|Win32.ActiveCfg = Debug|Win32
		{3D1FC573-FF80-4F41-AE97-CC70E232ABAE}.Debug|Win32.Build.0 = Debug|Win32
	EndGlobalSection
	GlobalSection(SolutionProperties) = preSolution
		HideSolutionNode = FALSE
	EndGlobalSection
EndGlobal
