
Microsoft Visual Studio Solution File, Format Version 10.00
# Visual Studio 2008
Project("{8BC9CEB8-8B4A-11D0-8D11-00A0C91BC942}") = "gl3_vbo", "gl3_vbo.vcproj", "{9011B9C1-33C2-41C2-A87A-4FDAF2B6B9E8}"
EndProject
Global
	GlobalSection(SolutionConfigurationPlatforms) = preSolution
		Debug|Win32 = Debug|Win32
	EndGlobalSection
	GlobalSection(ProjectConfigurationPlatforms) = postSolution
		{9011B9C1-33C2-41C2-A87A-4FDAF2B6B9E8}.Debug|Win32.ActiveCfg = Debug|Win32
		{9011B9C1-33C2-41C2-A87A-4FDAF2B6B9E8}.Debug|Win32.Build.0 = Debug|Win32
	EndGlobalSection
	GlobalSection(SolutionProperties) = preSolution
		HideSolutionNode = FALSE
	EndGlobalSection
EndGlobal
