
Microsoft Visual Studio Solution File, Format Version 10.00
# Visual Studio 2008
Project("{8BC9CEB8-8B4A-11D0-8D11-00A0C91BC942}") = "gl8_pointspt", "gl8_pointspt.vcproj", "{C8428F5D-45FA-418B-99A4-97A90A046A56}"
EndProject
Global
	GlobalSection(SolutionConfigurationPlatforms) = preSolution
		Debug|Win32 = Debug|Win32
	EndGlobalSection
	GlobalSection(ProjectConfigurationPlatforms) = postSolution
		{C8428F5D-45FA-418B-99A4-97A90A046A56}.Debug|Win32.ActiveCfg = Debug|Win32
		{C8428F5D-45FA-418B-99A4-97A90A046A56}.Debug|Win32.Build.0 = Debug|Win32
	EndGlobalSection
	GlobalSection(SolutionProperties) = preSolution
		HideSolutionNode = FALSE
	EndGlobalSection
EndGlobal
