
Microsoft Visual Studio Solution File, Format Version 10.00
# Visual Studio 2008
Project("{8BC9CEB8-8B4A-11D0-8D11-00A0C91BC942}") = "gl0_init", "gl0_init.vcproj", "{2A268EEA-0293-4411-B50F-8A8647EC0746}"
EndProject
Global
	GlobalSection(SolutionConfigurationPlatforms) = preSolution
		Debug|Win32 = Debug|Win32
	EndGlobalSection
	GlobalSection(ProjectConfigurationPlatforms) = postSolution
		{2A268EEA-0293-4411-B50F-8A8647EC0746}.Debug|Win32.ActiveCfg = Debug|Win32
		{2A268EEA-0293-4411-B50F-8A8647EC0746}.Debug|Win32.Build.0 = Debug|Win32
	EndGlobalSection
	GlobalSection(SolutionProperties) = preSolution
		HideSolutionNode = FALSE
	EndGlobalSection
EndGlobal
