
Microsoft Visual Studio Solution File, Format Version 10.00
# Visual Studio 2008
Project("{8BC9CEB8-8B4A-11D0-8D11-00A0C91BC942}") = "8gx_gui", "8gx_gui.vcproj", "{B7FE9340-FE18-477B-9EBD-FBC120591518}"
EndProject
Global
	GlobalSection(SolutionConfigurationPlatforms) = preSolution
		Debug|Win32 = Debug|Win32
	EndGlobalSection
	GlobalSection(ProjectConfigurationPlatforms) = postSolution
		{B7FE9340-FE18-477B-9EBD-FBC120591518}.Debug|Win32.ActiveCfg = Debug|Win32
		{B7FE9340-FE18-477B-9EBD-FBC120591518}.Debug|Win32.Build.0 = Debug|Win32
	EndGlobalSection
	GlobalSection(SolutionProperties) = preSolution
		HideSolutionNode = FALSE
	EndGlobalSection
EndGlobal
