
Microsoft Visual Studio Solution File, Format Version 10.00
# Visual Studio 2008
Project("{8BC9CEB8-8B4A-11D0-8D11-00A0C91BC942}") = "gl7_fbo", "gl7_fbo.vcproj", "{9DB10BBD-CB44-4ACD-99E0-E4FEB6EB107C}"
EndProject
Global
	GlobalSection(SolutionConfigurationPlatforms) = preSolution
		Debug|Win32 = Debug|Win32
	EndGlobalSection
	GlobalSection(ProjectConfigurationPlatforms) = postSolution
		{9DB10BBD-CB44-4ACD-99E0-E4FEB6EB107C}.Debug|Win32.ActiveCfg = Debug|Win32
		{9DB10BBD-CB44-4ACD-99E0-E4FEB6EB107C}.Debug|Win32.Build.0 = Debug|Win32
	EndGlobalSection
	GlobalSection(SolutionProperties) = preSolution
		HideSolutionNode = FALSE
	EndGlobalSection
EndGlobal
