
Microsoft Visual Studio Solution File, Format Version 10.00
# Visual Studio 2008
Project("{8BC9CEB8-8B4A-11D0-8D11-00A0C91BC942}") = "ad_fbo", "ad_fbo.vcproj", "{3998A51E-00C5-4885-8092-D81AE0FD21DE}"
EndProject
Global
	GlobalSection(SolutionConfigurationPlatforms) = preSolution
		Debug|Win32 = Debug|Win32
	EndGlobalSection
	GlobalSection(ProjectConfigurationPlatforms) = postSolution
		{3998A51E-00C5-4885-8092-D81AE0FD21DE}.Debug|Win32.ActiveCfg = Debug|Win32
		{3998A51E-00C5-4885-8092-D81AE0FD21DE}.Debug|Win32.Build.0 = Debug|Win32
	EndGlobalSection
	GlobalSection(SolutionProperties) = preSolution
		HideSolutionNode = FALSE
	EndGlobalSection
EndGlobal
