
Microsoft Visual Studio Solution File, Format Version 10.00
# Visual Studio 2008
Project("{8BC9CEB8-8B4A-11D0-8D11-00A0C91BC942}") = "9gx_mos", "9gx_mos.vcproj", "{C5E662FF-30A9-4426-9033-E8444F404C53}"
EndProject
Global
	GlobalSection(SolutionConfigurationPlatforms) = preSolution
		Debug|Win32 = Debug|Win32
	EndGlobalSection
	GlobalSection(ProjectConfigurationPlatforms) = postSolution
		{C5E662FF-30A9-4426-9033-E8444F404C53}.Debug|Win32.ActiveCfg = Debug|Win32
		{C5E662FF-30A9-4426-9033-E8444F404C53}.Debug|Win32.Build.0 = Debug|Win32
	EndGlobalSection
	GlobalSection(SolutionProperties) = preSolution
		HideSolutionNode = FALSE
	EndGlobalSection
EndGlobal
