
Microsoft Visual Studio Solution File, Format Version 10.00
# Visual Studio 2008
Project("{8BC9CEB8-8B4A-11D0-8D11-00A0C91BC942}") = "4gx_lgt", "4gx_lgt.vcproj", "{BF5E1D5C-A47D-4EF1-957D-40805D8D1C99}"
EndProject
Global
	GlobalSection(SolutionConfigurationPlatforms) = preSolution
		Debug|Win32 = Debug|Win32
	EndGlobalSection
	GlobalSection(ProjectConfigurationPlatforms) = postSolution
		{BF5E1D5C-A47D-4EF1-957D-40805D8D1C99}.Debug|Win32.ActiveCfg = Debug|Win32
		{BF5E1D5C-A47D-4EF1-957D-40805D8D1C99}.Debug|Win32.Build.0 = Debug|Win32
	EndGlobalSection
	GlobalSection(SolutionProperties) = preSolution
		HideSolutionNode = FALSE
	EndGlobalSection
EndGlobal
