
Microsoft Visual Studio Solution File, Format Version 10.00
# Visual Studio 2008
Project("{8BC9CEB8-8B4A-11D0-8D11-00A0C91BC942}") = "bt_cln", "bt_cln.vcproj", "{DA6A313D-6123-4B37-94FC-08A791562795}"
EndProject
Global
	GlobalSection(SolutionConfigurationPlatforms) = preSolution
		Debug|Win32 = Debug|Win32
		Release|Win32 = Release|Win32
	EndGlobalSection
	GlobalSection(ProjectConfigurationPlatforms) = postSolution
		{DA6A313D-6123-4B37-94FC-08A791562795}.Debug|Win32.ActiveCfg = Debug|Win32
		{DA6A313D-6123-4B37-94FC-08A791562795}.Debug|Win32.Build.0 = Debug|Win32
		{DA6A313D-6123-4B37-94FC-08A791562795}.Release|Win32.ActiveCfg = Release|Win32
		{DA6A313D-6123-4B37-94FC-08A791562795}.Release|Win32.Build.0 = Release|Win32
	EndGlobalSection
	GlobalSection(SolutionProperties) = preSolution
		HideSolutionNode = FALSE
	EndGlobalSection
EndGlobal
