
Microsoft Visual Studio Solution File, Format Version 10.00
# Visual Studio 2008
Project("{8BC9CEB8-8B4A-11D0-8D11-00A0C91BC942}") = "3gx_multi2", "3gx_multi2.vcproj", "{53FED3B2-777A-4F16-AAA7-76C74805F02A}"
EndProject
Global
	GlobalSection(SolutionConfigurationPlatforms) = preSolution
		Debug|Win32 = Debug|Win32
	EndGlobalSection
	GlobalSection(ProjectConfigurationPlatforms) = postSolution
		{53FED3B2-777A-4F16-AAA7-76C74805F02A}.Debug|Win32.ActiveCfg = Debug|Win32
		{53FED3B2-777A-4F16-AAA7-76C74805F02A}.Debug|Win32.Build.0 = Debug|Win32
	EndGlobalSection
	GlobalSection(SolutionProperties) = preSolution
		HideSolutionNode = FALSE
	EndGlobalSection
EndGlobal
