
Microsoft Visual Studio Solution File, Format Version 10.00
# Visual Studio 2008
Project("{8BC9CEB8-8B4A-11D0-8D11-00A0C91BC942}") = "6gx_tdx", "6gx_tdx.vcproj", "{F213BB14-693A-4207-9280-CB13861E89C0}"
EndProject
Global
	GlobalSection(SolutionConfigurationPlatforms) = preSolution
		Debug|Win32 = Debug|Win32
		Release|Win32 = Release|Win32
	EndGlobalSection
	GlobalSection(ProjectConfigurationPlatforms) = postSolution
		{F213BB14-693A-4207-9280-CB13861E89C0}.Debug|Win32.ActiveCfg = Debug|Win32
		{F213BB14-693A-4207-9280-CB13861E89C0}.Debug|Win32.Build.0 = Debug|Win32
		{F213BB14-693A-4207-9280-CB13861E89C0}.Release|Win32.ActiveCfg = Release|Win32
		{F213BB14-693A-4207-9280-CB13861E89C0}.Release|Win32.Build.0 = Release|Win32
	EndGlobalSection
	GlobalSection(SolutionProperties) = preSolution
		HideSolutionNode = FALSE
	EndGlobalSection
EndGlobal
