
Microsoft Visual Studio Solution File, Format Version 10.00
# Visual Studio 2008
Project("{8BC9CEB8-8B4A-11D0-8D11-00A0C91BC942}") = "3gx_multi1", "3gx_multi1.vcproj", "{DC02E6B3-E392-4671-B081-8438DF99736C}"
EndProject
Global
	GlobalSection(SolutionConfigurationPlatforms) = preSolution
		Debug|Win32 = Debug|Win32
	EndGlobalSection
	GlobalSection(ProjectConfigurationPlatforms) = postSolution
		{DC02E6B3-E392-4671-B081-8438DF99736C}.Debug|Win32.ActiveCfg = Debug|Win32
		{DC02E6B3-E392-4671-B081-8438DF99736C}.Debug|Win32.Build.0 = Debug|Win32
	EndGlobalSection
	GlobalSection(SolutionProperties) = preSolution
		HideSolutionNode = FALSE
	EndGlobalSection
EndGlobal
